
Microsoft Visual Studio Solution File, Format Version 12.00
# Visual Studio Version 17
VisualStudioVersion = 17.1.32328.378
MinimumVisualStudioVersion = 10.0.40219.1
Project("{9A19103F-16F7-4668-BE54-9A1E7A4F7556}") = "UserMicroservice", "UserMicroservice\UserMicroservice.csproj", "{8C00CDE6-F594-4997-BF8D-4ED0E6951F99}"
EndProject
Project("{9A19103F-16F7-4668-BE54-9A1E7A4F7556}") = "UserMicroservice.Test", "UserMicroservice.Test\UserMicroservice.Test.csproj", "{8B0067E1-72C4-4855-ADC3-826BB71EFA52}"
EndProject
Project("{2150E333-8FDC-42A3-9474-1A3956D46DE8}") = "UserHandler", "UserHandler", "{1961FB09-1A97-4AE4-BF3E-EA25A18F8017}"
EndProject
Project("{9A19103F-16F7-4668-BE54-9A1E7A4F7556}") = "Gateway", "Gateway\Gateway.csproj", "{11891F82-AB41-4C9F-A361-0184D3CB6B99}"
EndProject
Global
	GlobalSection(SolutionConfigurationPlatforms) = preSolution
		Debug|Any CPU = Debug|Any CPU
		Release|Any CPU = Release|Any CPU
	EndGlobalSection
	GlobalSection(ProjectConfigurationPlatforms) = postSolution
		{8C00CDE6-F594-4997-BF8D-4ED0E6951F99}.Debug|Any CPU.ActiveCfg = Debug|Any CPU
		{8C00CDE6-F594-4997-BF8D-4ED0E6951F99}.Debug|Any CPU.Build.0 = Debug|Any CPU
		{8C00CDE6-F594-4997-BF8D-4ED0E6951F99}.Release|Any CPU.ActiveCfg = Release|Any CPU
		{8C00CDE6-F594-4997-BF8D-4ED0E6951F99}.Release|Any CPU.Build.0 = Release|Any CPU
		{8B0067E1-72C4-4855-ADC3-826BB71EFA52}.Debug|Any CPU.ActiveCfg = Debug|Any CPU
		{8B0067E1-72C4-4855-ADC3-826BB71EFA52}.Debug|Any CPU.Build.0 = Debug|Any CPU
		{8B0067E1-72C4-4855-ADC3-826BB71EFA52}.Release|Any CPU.ActiveCfg = Release|Any CPU
		{8B0067E1-72C4-4855-ADC3-826BB71EFA52}.Release|Any CPU.Build.0 = Release|Any CPU
		{11891F82-AB41-4C9F-A361-0184D3CB6B99}.Debug|Any CPU.ActiveCfg = Debug|Any CPU
		{11891F82-AB41-4C9F-A361-0184D3CB6B99}.Debug|Any CPU.Build.0 = Debug|Any CPU
		{11891F82-AB41-4C9F-A361-0184D3CB6B99}.Release|Any CPU.ActiveCfg = Release|Any CPU
		{11891F82-AB41-4C9F-A361-0184D3CB6B99}.Release|Any CPU.Build.0 = Release|Any CPU
	EndGlobalSection
	GlobalSection(SolutionProperties) = preSolution
		HideSolutionNode = FALSE
	EndGlobalSection
	GlobalSection(NestedProjects) = preSolution
		{8C00CDE6-F594-4997-BF8D-4ED0E6951F99} = {1961FB09-1A97-4AE4-BF3E-EA25A18F8017}
		{8B0067E1-72C4-4855-ADC3-826BB71EFA52} = {1961FB09-1A97-4AE4-BF3E-EA25A18F8017}
	EndGlobalSection
	GlobalSection(ExtensibilityGlobals) = postSolution
		SolutionGuid = {FF41FCEC-8799-4CF0-BA6A-5604636E649E}
	EndGlobalSection
EndGlobal
